// !$*UTF8*$!
{
	archiveVersion = 1;
	classes = {
	};
	objectVersion = 77;
	objects = {

/* Begin PBXBuildFile section */
		095B14047D7FC12B3ADCC2EB /* SnippetEditorView.swift in Sources */ = {isa = PBXBuildFile; fileRef = 04253B04653C1CC650CAC54F /* SnippetEditorView.swift */; };
		0D9BFF0D8EE7E01271EE85E6 /* SnippetStore.swift in Sources */ = {isa = PBXBuildFile; fileRef = D96A83C41AA5BBBDCF0E1723 /* SnippetStore.swift */; };
		241469FE9C827C4354E63473 /* StorageWatcher.swift in Sources */ = {isa = PBXBuildFile; fileRef = 4C9125BDA0C6255ECCABA16E /* StorageWatcher.swift */; };
		24F37242836E754FCC126A66 /* SnippetStorageLocation.swift in Sources */ = {isa = PBXBuildFile; fileRef = 4326D257CB7F9FC53236BCD1 /* SnippetStorageLocation.swift */; };
		40C7AE3DDB1F4A621C06268D /* PasteService.swift in Sources */ = {isa = PBXBuildFile; fileRef = F0DC5BA2387C01DAE132A631 /* PasteService.swift */; };
		56C0F8E6C57F92AAA1BFAE03 /* EditorWindowController.swift in Sources */ = {isa = PBXBuildFile; fileRef = 4AC7A3485A34C9DC60E8B063 /* EditorWindowController.swift */; };
		5A7A30C0D68BB79EEF6BEA1B /* SnippetPickerView.swift in Sources */ = {isa = PBXBuildFile; fileRef = EF390B791508825D0C7153B9 /* SnippetPickerView.swift */; };
		5D4EAE2FF02D411924077009 /* SnippetMiniApp.swift in Sources */ = {isa = PBXBuildFile; fileRef = ABDDCC9400388988D43705B1 /* SnippetMiniApp.swift */; };
		70D68E8748E757A29D2FC4C9 /* StorageSettingsView.swift in Sources */ = {isa = PBXBuildFile; fileRef = FFCA0E9A27D44231E986B5F9 /* StorageSettingsView.swift */; };
		7160C48B6B36BD6EE590A22D /* Assets.xcassets in Resources */ = {isa = PBXBuildFile; fileRef = 19C44A8D881B75FDAB43B8D0 /* Assets.xcassets */; };
		88FB3C29C1EDCEFB6CF4EFE4 /* SnippetPickerController.swift in Sources */ = {isa = PBXBuildFile; fileRef = C4F497E228C026ECDB50D9A0 /* SnippetPickerController.swift */; };
		893C073E834538C85DCF0356 /* MenuBarContentView.swift in Sources */ = {isa = PBXBuildFile; fileRef = 9E6F17B8D0819BA4624A6955 /* MenuBarContentView.swift */; };
		8E59FBFB8D0D438DEAC8F17C /* VariableExpander.swift in Sources */ = {isa = PBXBuildFile; fileRef = CC6C19A8576ED595651511B1 /* VariableExpander.swift */; };
		BCF4E3B07163E174E4030A26 /* Snippet.swift in Sources */ = {isa = PBXBuildFile; fileRef = 931A8C411CBBFCC13762DE16 /* Snippet.swift */; };
		CB27FBA8CBA6C05443A21777 /* AppDelegate.swift in Sources */ = {isa = PBXBuildFile; fileRef = E101C49E30F8D61894D7D6D0 /* AppDelegate.swift */; };
/* End PBXBuildFile section */

/* Begin PBXFileReference section */
		04253B04653C1CC650CAC54F /* SnippetEditorView.swift */ = {isa = PBXFileReference; lastKnownFileType = sourcecode.swift; path = SnippetEditorView.swift; sourceTree = "<group>"; };
		0B68B19ABD528116B5ADF702 /* SnippetMini.app */ = {isa = PBXFileReference; explicitFileType = wrapper.application; includeInIndex = 0; path = SnippetMini.app; sourceTree = BUILT_PRODUCTS_DIR; };
		19C44A8D881B75FDAB43B8D0 /* Assets.xcassets */ = {isa = PBXFileReference; lastKnownFileType = folder.assetcatalog; path = Assets.xcassets; sourceTree = "<group>"; };
		4326D257CB7F9FC53236BCD1 /* SnippetStorageLocation.swift */ = {isa = PBXFileReference; lastKnownFileType = sourcecode.swift; path = SnippetStorageLocation.swift; sourceTree = "<group>"; };
		4AC7A3485A34C9DC60E8B063 /* EditorWindowController.swift */ = {isa = PBXFileReference; lastKnownFileType = sourcecode.swift; path = EditorWindowController.swift; sourceTree = "<group>"; };
		4C9125BDA0C6255ECCABA16E /* StorageWatcher.swift */ = {isa = PBXFileReference; lastKnownFileType = sourcecode.swift; path = StorageWatcher.swift; sourceTree = "<group>"; };
		931A8C411CBBFCC13762DE16 /* Snippet.swift */ = {isa = PBXFileReference; lastKnownFileType = sourcecode.swift; path = Snippet.swift; sourceTree = "<group>"; };
		9DDAA7F5B638E5A7AEFB83A3 /* SnippetMini.entitlements */ = {isa = PBXFileReference; lastKnownFileType = text.plist.entitlements; path = SnippetMini.entitlements; sourceTree = "<group>"; };
		9E6F17B8D0819BA4624A6955 /* MenuBarContentView.swift */ = {isa = PBXFileReference; lastKnownFileType = sourcecode.swift; path = MenuBarContentView.swift; sourceTree = "<group>"; };
		ABDDCC9400388988D43705B1 /* SnippetMiniApp.swift */ = {isa = PBXFileReference; lastKnownFileType = sourcecode.swift; path = SnippetMiniApp.swift; sourceTree = "<group>"; };
		AECB6FFE098219F09DE95537 /* Info.plist */ = {isa = PBXFileReference; lastKnownFileType = text.plist; path = Info.plist; sourceTree = "<group>"; };
		C4F497E228C026ECDB50D9A0 /* SnippetPickerController.swift */ = {isa = PBXFileReference; lastKnownFileType = sourcecode.swift; path = SnippetPickerController.swift; sourceTree = "<group>"; };
		CC6C19A8576ED595651511B1 /* VariableExpander.swift */ = {isa = PBXFileReference; lastKnownFileType = sourcecode.swift; path = VariableExpander.swift; sourceTree = "<group>"; };
		D96A83C41AA5BBBDCF0E1723 /* SnippetStore.swift */ = {isa = PBXFileReference; lastKnownFileType = sourcecode.swift; path = SnippetStore.swift; sourceTree = "<group>"; };
		E101C49E30F8D61894D7D6D0 /* AppDelegate.swift */ = {isa = PBXFileReference; lastKnownFileType = sourcecode.swift; path = AppDelegate.swift; sourceTree = "<group>"; };
		EF390B791508825D0C7153B9 /* SnippetPickerView.swift */ = {isa = PBXFileReference; lastKnownFileType = sourcecode.swift; path = SnippetPickerView.swift; sourceTree = "<group>"; };
		F0DC5BA2387C01DAE132A631 /* PasteService.swift */ = {isa = PBXFileReference; lastKnownFileType = sourcecode.swift; path = PasteService.swift; sourceTree = "<group>"; };
		FFCA0E9A27D44231E986B5F9 /* StorageSettingsView.swift */ = {isa = PBXFileReference; lastKnownFileType = sourcecode.swift; path = StorageSettingsView.swift; sourceTree = "<group>"; };
/* End PBXFileReference section */

/* Begin PBXGroup section */
		17C2BC9C22E6536CAEA91B9A /* Models */ = {
			isa = PBXGroup;
			children = (
				931A8C411CBBFCC13762DE16 /* Snippet.swift */,
			);
			path = Models;
			sourceTree = "<group>";
		};
		34371BC48156AD206109E511 /* Views */ = {
			isa = PBXGroup;
			children = (
				9E6F17B8D0819BA4624A6955 /* MenuBarContentView.swift */,
				04253B04653C1CC650CAC54F /* SnippetEditorView.swift */,
				EF390B791508825D0C7153B9 /* SnippetPickerView.swift */,
				FFCA0E9A27D44231E986B5F9 /* StorageSettingsView.swift */,
			);
			path = Views;
			sourceTree = "<group>";
		};
		4860AEFDD0936A442F6B7D31 /* Services */ = {
			isa = PBXGroup;
			children = (
				4AC7A3485A34C9DC60E8B063 /* EditorWindowController.swift */,
				F0DC5BA2387C01DAE132A631 /* PasteService.swift */,
				C4F497E228C026ECDB50D9A0 /* SnippetPickerController.swift */,
				4326D257CB7F9FC53236BCD1 /* SnippetStorageLocation.swift */,
				D96A83C41AA5BBBDCF0E1723 /* SnippetStore.swift */,
				4C9125BDA0C6255ECCABA16E /* StorageWatcher.swift */,
				CC6C19A8576ED595651511B1 /* VariableExpander.swift */,
			);
			path = Services;
			sourceTree = "<group>";
		};
		487A6D26AFA187CCA8A6EA02 = {
			isa = PBXGroup;
			children = (
				7CDBAB3E7495CAB6E2DEAC5F /* SnippetMini */,
				CC25230CE8B188BDE8E49D16 /* Products */,
			);
			sourceTree = "<group>";
		};
		7CDBAB3E7495CAB6E2DEAC5F /* SnippetMini */ = {
			isa = PBXGroup;
			children = (
				E101C49E30F8D61894D7D6D0 /* AppDelegate.swift */,
				19C44A8D881B75FDAB43B8D0 /* Assets.xcassets */,
				AECB6FFE098219F09DE95537 /* Info.plist */,
				9DDAA7F5B638E5A7AEFB83A3 /* SnippetMini.entitlements */,
				ABDDCC9400388988D43705B1 /* SnippetMiniApp.swift */,
				17C2BC9C22E6536CAEA91B9A /* Models */,
				4860AEFDD0936A442F6B7D31 /* Services */,
				34371BC48156AD206109E511 /* Views */,
			);
			path = SnippetMini;
			sourceTree = "<group>";
		};
		CC25230CE8B188BDE8E49D16 /* Products */ = {
			isa = PBXGroup;
			children = (
				0B68B19ABD528116B5ADF702 /* SnippetMini.app */,
			);
			name = Products;
			sourceTree = "<group>";
		};
/* End PBXGroup section */

/* Begin PBXNativeTarget section */
		05EDD0B7DA3F56BE8FC37E42 /* SnippetMini */ = {
			isa = PBXNativeTarget;
			buildConfigurationList = 81C440FEF4C61CF35FBA57AC /* Build configuration list for PBXNativeTarget "SnippetMini" */;
			buildPhases = (
				BE1D6A882943666D96D6FF93 /* Sources */,
				16CEAB5E15575B23A0D061D7 /* Resources */,
			);
			buildRules = (
			);
			dependencies = (
			);
			name = SnippetMini;
			packageProductDependencies = (
			);
			productName = SnippetMini;
			productReference = 0B68B19ABD528116B5ADF702 /* SnippetMini.app */;
			productType = "com.apple.product-type.application";
		};
/* End PBXNativeTarget section */

/* Begin PBXProject section */
		145A44556FAB901764507222 /* Project object */ = {
			isa = PBXProject;
			attributes = {
				BuildIndependentTargetsInParallel = YES;
				LastUpgradeCheck = 1430;
				TargetAttributes = {
					05EDD0B7DA3F56BE8FC37E42 = {
						DevelopmentTeam = 4G5JHTY4LY;
						ProvisioningStyle = Automatic;
					};
				};
			};
			buildConfigurationList = 415679F35502395498685094 /* Build configuration list for PBXProject "SnippetMini" */;
			developmentRegion = en;
			hasScannedForEncodings = 0;
			knownRegions = (
				Base,
				en,
			);
			mainGroup = 487A6D26AFA187CCA8A6EA02;
			minimizedProjectReferenceProxies = 1;
			preferredProjectObjectVersion = 77;
			productRefGroup = CC25230CE8B188BDE8E49D16 /* Products */;
			projectDirPath = "";
			projectRoot = "";
			targets = (
				05EDD0B7DA3F56BE8FC37E42 /* SnippetMini */,
			);
		};
/* End PBXProject section */

/* Begin PBXResourcesBuildPhase section */
		16CEAB5E15575B23A0D061D7 /* Resources */ = {
			isa = PBXResourcesBuildPhase;
			buildActionMask = 2147483647;
			files = (
				7160C48B6B36BD6EE590A22D /* Assets.xcassets in Resources */,
			);
			runOnlyForDeploymentPostprocessing = 0;
		};
/* End PBXResourcesBuildPhase section */

/* Begin PBXSourcesBuildPhase section */
		BE1D6A882943666D96D6FF93 /* Sources */ = {
			isa = PBXSourcesBuildPhase;
			buildActionMask = 2147483647;
			files = (
				CB27FBA8CBA6C05443A21777 /* AppDelegate.swift in Sources */,
				56C0F8E6C57F92AAA1BFAE03 /* EditorWindowController.swift in Sources */,
				893C073E834538C85DCF0356 /* MenuBarContentView.swift in Sources */,
				40C7AE3DDB1F4A621C06268D /* PasteService.swift in Sources */,
				BCF4E3B07163E174E4030A26 /* Snippet.swift in Sources */,
				095B14047D7FC12B3ADCC2EB /* SnippetEditorView.swift in Sources */,
				5D4EAE2FF02D411924077009 /* SnippetMiniApp.swift in Sources */,
				88FB3C29C1EDCEFB6CF4EFE4 /* SnippetPickerController.swift in Sources */,
				5A7A30C0D68BB79EEF6BEA1B /* SnippetPickerView.swift in Sources */,
				24F37242836E754FCC126A66 /* SnippetStorageLocation.swift in Sources */,
				0D9BFF0D8EE7E01271EE85E6 /* SnippetStore.swift in Sources */,
				70D68E8748E757A29D2FC4C9 /* StorageSettingsView.swift in Sources */,
				241469FE9C827C4354E63473 /* StorageWatcher.swift in Sources */,
				8E59FBFB8D0D438DEAC8F17C /* VariableExpander.swift in Sources */,
			);
			runOnlyForDeploymentPostprocessing = 0;
		};
/* End PBXSourcesBuildPhase section */

/* Begin XCBuildConfiguration section */
		64DA179D281A44CCF1396DC8 /* Release */ = {
			isa = XCBuildConfiguration;
			buildSettings = {
				ALWAYS_SEARCH_USER_PATHS = NO;
				CLANG_ANALYZER_NONNULL = YES;
				CLANG_ANALYZER_NUMBER_OBJECT_CONVERSION = YES_AGGRESSIVE;
				CLANG_CXX_LANGUAGE_STANDARD = "gnu++14";
				CLANG_CXX_LIBRARY = "libc++";
				CLANG_ENABLE_MODULES = YES;
				CLANG_ENABLE_OBJC_ARC = YES;
				CLANG_ENABLE_OBJC_WEAK = YES;
				CLANG_WARN_BLOCK_CAPTURE_AUTORELEASING = YES;
				CLANG_WARN_BOOL_CONVERSION = YES;
				CLANG_WARN_COMMA = YES;
				CLANG_WARN_CONSTANT_CONVERSION = YES;
				CLANG_WARN_DEPRECATED_OBJC_IMPLEMENTATIONS = YES;
				CLANG_WARN_DIRECT_OBJC_ISA_USAGE = YES_ERROR;
				CLANG_WARN_DOCUMENTATION_COMMENTS = YES;
				CLANG_WARN_EMPTY_BODY = YES;
				CLANG_WARN_ENUM_CONVERSION = YES;
				CLANG_WARN_INFINITE_RECURSION = YES;
				CLANG_WARN_INT_CONVERSION = YES;
				CLANG_WARN_NON_LITERAL_NULL_CONVERSION = YES;
				CLANG_WARN_OBJC_IMPLICIT_RETAIN_SELF = YES;
				CLANG_WARN_OBJC_LITERAL_CONVERSION = YES;
				CLANG_WARN_OBJC_ROOT_CLASS = YES_ERROR;
				CLANG_WARN_QUOTED_INCLUDE_IN_FRAMEWORK_HEADER = YES;
				CLANG_WARN_RANGE_LOOP_ANALYSIS = YES;
				CLANG_WARN_STRICT_PROTOTYPES = YES;
				CLANG_WARN_SUSPICIOUS_MOVE = YES;
				CLANG_WARN_UNGUARDED_AVAILABILITY = YES_AGGRESSIVE;
				CLANG_WARN_UNREACHABLE_CODE = YES;
				CLANG_WARN__DUPLICATE_METHOD_MATCH = YES;
				CODE_SIGN_ENTITLEMENTS = SnippetMini/SnippetMini.entitlements;
				CODE_SIGN_STYLE = Automatic;
				COPY_PHASE_STRIP = NO;
				CURRENT_PROJECT_VERSION = 1;
				DEBUG_INFORMATION_FORMAT = "dwarf-with-dsym";
				DEVELOPMENT_TEAM = 4G5JHTY4LY;
				ENABLE_HARDENED_RUNTIME = YES;
				ENABLE_NS_ASSERTIONS = NO;
				ENABLE_STRICT_OBJC_MSGSEND = YES;
				GCC_C_LANGUAGE_STANDARD = gnu11;
				GCC_NO_COMMON_BLOCKS = YES;
				GCC_WARN_64_TO_32_BIT_CONVERSION = YES;
				GCC_WARN_ABOUT_RETURN_TYPE = YES_ERROR;
				GCC_WARN_UNDECLARED_SELECTOR = YES;
				GCC_WARN_UNINITIALIZED_AUTOS = YES_AGGRESSIVE;
				GCC_WARN_UNUSED_FUNCTION = YES;
				GCC_WARN_UNUSED_VARIABLE = YES;
				MACOSX_DEPLOYMENT_TARGET = 14.0;
				MARKETING_VERSION = 1.0.0;
				MTL_ENABLE_DEBUG_INFO = NO;
				MTL_FAST_MATH = YES;
				PRODUCT_NAME = "$(TARGET_NAME)";
				SDKROOT = macosx;
				SWIFT_COMPILATION_MODE = wholemodule;
				SWIFT_OPTIMIZATION_LEVEL = "-O";
				SWIFT_VERSION = 5.0;
			};
			name = Release;
		};
		700E9CC6669D5A3CDAF92047 /* Release */ = {
			isa = XCBuildConfiguration;
			buildSettings = {
				ASSETCATALOG_COMPILER_APPICON_NAME = AppIcon;
				CODE_SIGN_ENTITLEMENTS = SnippetMini/SnippetMini.entitlements;
				COMBINE_HIDPI_IMAGES = YES;
				GENERATE_INFOPLIST_FILE = NO;
				INFOPLIST_FILE = SnippetMini/Info.plist;
				LD_RUNPATH_SEARCH_PATHS = (
					"$(inherited)",
					"@executable_path/../Frameworks",
				);
				PRODUCT_BUNDLE_IDENTIFIER = "com.yamaguchidesign.snippet-mini";
				SDKROOT = macosx;
			};
			name = Release;
		};
		874621F41702788B40AAA27C /* Debug */ = {
			isa = XCBuildConfiguration;
			buildSettings = {
				ALWAYS_SEARCH_USER_PATHS = NO;
				CLANG_ANALYZER_NONNULL = YES;
				CLANG_ANALYZER_NUMBER_OBJECT_CONVERSION = YES_AGGRESSIVE;
				CLANG_CXX_LANGUAGE_STANDARD = "gnu++14";
				CLANG_CXX_LIBRARY = "libc++";
				CLANG_ENABLE_MODULES = YES;
				CLANG_ENABLE_OBJC_ARC = YES;
				CLANG_ENABLE_OBJC_WEAK = YES;
				CLANG_WARN_BLOCK_CAPTURE_AUTORELEASING = YES;
				CLANG_WARN_BOOL_CONVERSION = YES;
				CLANG_WARN_COMMA = YES;
				CLANG_WARN_CONSTANT_CONVERSION = YES;
				CLANG_WARN_DEPRECATED_OBJC_IMPLEMENTATIONS = YES;
				CLANG_WARN_DIRECT_OBJC_ISA_USAGE = YES_ERROR;
				CLANG_WARN_DOCUMENTATION_COMMENTS = YES;
				CLANG_WARN_EMPTY_BODY = YES;
				CLANG_WARN_ENUM_CONVERSION = YES;
				CLANG_WARN_INFINITE_RECURSION = YES;
				CLANG_WARN_INT_CONVERSION = YES;
				CLANG_WARN_NON_LITERAL_NULL_CONVERSION = YES;
				CLANG_WARN_OBJC_IMPLICIT_RETAIN_SELF = YES;
				CLANG_WARN_OBJC_LITERAL_CONVERSION = YES;
				CLANG_WARN_OBJC_ROOT_CLASS = YES_ERROR;
				CLANG_WARN_QUOTED_INCLUDE_IN_FRAMEWORK_HEADER = YES;
				CLANG_WARN_RANGE_LOOP_ANALYSIS = YES;
				CLANG_WARN_STRICT_PROTOTYPES = YES;
				CLANG_WARN_SUSPICIOUS_MOVE = YES;
				CLANG_WARN_UNGUARDED_AVAILABILITY = YES_AGGRESSIVE;
				CLANG_WARN_UNREACHABLE_CODE = YES;
				CLANG_WARN__DUPLICATE_METHOD_MATCH = YES;
				CODE_SIGN_ENTITLEMENTS = SnippetMini/SnippetMini.entitlements;
				CODE_SIGN_STYLE = Automatic;
				COPY_PHASE_STRIP = NO;
				CURRENT_PROJECT_VERSION = 1;
				DEBUG_INFORMATION_FORMAT = dwarf;
				DEVELOPMENT_TEAM = 4G5JHTY4LY;
				ENABLE_HARDENED_RUNTIME = YES;
				ENABLE_STRICT_OBJC_MSGSEND = YES;
				ENABLE_TESTABILITY = YES;
				GCC_C_LANGUAGE_STANDARD = gnu11;
				GCC_DYNAMIC_NO_PIC = NO;
				GCC_NO_COMMON_BLOCKS = YES;
				GCC_OPTIMIZATION_LEVEL = 0;
				GCC_PREPROCESSOR_DEFINITIONS = (
					"$(inherited)",
					"DEBUG=1",
				);
				GCC_WARN_64_TO_32_BIT_CONVERSION = YES;
				GCC_WARN_ABOUT_RETURN_TYPE = YES_ERROR;
				GCC_WARN_UNDECLARED_SELECTOR = YES;
				GCC_WARN_UNINITIALIZED_AUTOS = YES_AGGRESSIVE;
				GCC_WARN_UNUSED_FUNCTION = YES;
				GCC_WARN_UNUSED_VARIABLE = YES;
				MACOSX_DEPLOYMENT_TARGET = 14.0;
				MARKETING_VERSION = 1.0.0;
				MTL_ENABLE_DEBUG_INFO = INCLUDE_SOURCE;
				MTL_FAST_MATH = YES;
				ONLY_ACTIVE_ARCH = YES;
				PRODUCT_NAME = "$(TARGET_NAME)";
				SDKROOT = macosx;
				SWIFT_ACTIVE_COMPILATION_CONDITIONS = DEBUG;
				SWIFT_OPTIMIZATION_LEVEL = "-Onone";
				SWIFT_VERSION = 5.0;
			};
			name = Debug;
		};
		C0043FDD550B11388CB8859C /* Debug */ = {
			isa = XCBuildConfiguration;
			buildSettings = {
				ASSETCATALOG_COMPILER_APPICON_NAME = AppIcon;
				CODE_SIGN_ENTITLEMENTS = SnippetMini/SnippetMini.entitlements;
				COMBINE_HIDPI_IMAGES = YES;
				GENERATE_INFOPLIST_FILE = NO;
				INFOPLIST_FILE = SnippetMini/Info.plist;
				LD_RUNPATH_SEARCH_PATHS = (
					"$(inherited)",
					"@executable_path/../Frameworks",
				);
				PRODUCT_BUNDLE_IDENTIFIER = "com.yamaguchidesign.snippet-mini";
				SDKROOT = macosx;
			};
			name = Debug;
		};
/* End XCBuildConfiguration section */

/* Begin XCConfigurationList section */
		415679F35502395498685094 /* Build configuration list for PBXProject "SnippetMini" */ = {
			isa = XCConfigurationList;
			buildConfigurations = (
				874621F41702788B40AAA27C /* Debug */,
				64DA179D281A44CCF1396DC8 /* Release */,
			);
			defaultConfigurationIsVisible = 0;
			defaultConfigurationName = Debug;
		};
		81C440FEF4C61CF35FBA57AC /* Build configuration list for PBXNativeTarget "SnippetMini" */ = {
			isa = XCConfigurationList;
			buildConfigurations = (
				C0043FDD550B11388CB8859C /* Debug */,
				700E9CC6669D5A3CDAF92047 /* Release */,
			);
			defaultConfigurationIsVisible = 0;
			defaultConfigurationName = Debug;
		};
/* End XCConfigurationList section */
	};
	rootObject = 145A44556FAB901764507222 /* Project object */;
}
